// !$*UTF8*$!
{
	archiveVersion = 1;
	classes = {
	};
	objectVersion = 46;
	objects = {

/* Begin PBXBuildFile section */
		F231DF0B15C237DE003124B9 /* UIKit.framework in Frameworks */ = {isa = PBXBuildFile; fileRef = F231DF0A15C237DE003124B9 /* UIKit.framework */; };
		F231DF0D15C237DE003124B9 /* Foundation.framework in Frameworks */ = {isa = PBXBuildFile; fileRef = F231DF0C15C237DE003124B9 /* Foundation.framework */; };
		F231DF0F15C237DE003124B9 /* CoreGraphics.framework in Frameworks */ = {isa = PBXBuildFile; fileRef = F231DF0E15C237DE003124B9 /* CoreGraphics.framework */; };
		F231DF1515C237DE003124B9 /* InfoPlist.strings in Resources */ = {isa = PBXBuildFile; fileRef = F231DF1315C237DE003124B9 /* InfoPlist.strings */; };
		F231DF1715C237DE003124B9 /* main.m in Sources */ = {isa = PBXBuildFile; fileRef = F231DF1615C237DE003124B9 /* main.m */; };
		F231DF1B15C237DE003124B9 /* AppDelegate.m in Sources */ = {isa = PBXBuildFile; fileRef = F231DF1A15C237DE003124B9 /* AppDelegate.m */; };
		F231DF1E15C237DE003124B9 /* MainStoryboard_iPhone.storyboard in Resources */ = {isa = PBXBuildFile; fileRef = F231DF1C15C237DE003124B9 /* MainStoryboard_iPhone.storyboard */; };
		F231DF2115C237DE003124B9 /* MainStoryboard_iPad.storyboard in Resources */ = {isa = PBXBuildFile; fileRef = F231DF1F15C237DE003124B9 /* MainStoryboard_iPad.storyboard */; };
		F231DF2C15C2590E003124B9 /* TopPlacesTableViewController.m in Sources */ = {isa = PBXBuildFile; fileRef = F231DF2B15C2590E003124B9 /* TopPlacesTableViewController.m */; };
		F231DF2F15C25948003124B9 /* DetailPlacesTableViewController.m in Sources */ = {isa = PBXBuildFile; fileRef = F231DF2E15C25948003124B9 /* DetailPlacesTableViewController.m */; };
		F231DF3215C259E5003124B9 /* FlickrPhotoViewController.m in Sources */ = {isa = PBXBuildFile; fileRef = F231DF3115C259E5003124B9 /* FlickrPhotoViewController.m */; };
		F231DF3515C25A26003124B9 /* RecentsTableViewController.m in Sources */ = {isa = PBXBuildFile; fileRef = F231DF3415C25A26003124B9 /* RecentsTableViewController.m */; };
		F231DF3915C25BB0003124B9 /* FlickrFetcher.m in Sources */ = {isa = PBXBuildFile; fileRef = F231DF3815C25BB0003124B9 /* FlickrFetcher.m */; };
		F231DF3E15C2C578003124B9 /* first.png in Resources */ = {isa = PBXBuildFile; fileRef = F231DF3A15C2C578003124B9 /* first.png */; };
		F231DF3F15C2C578003124B9 /* first@2x.png in Resources */ = {isa = PBXBuildFile; fileRef = F231DF3B15C2C578003124B9 /* first@2x.png */; };
		F231DF4015C2C578003124B9 /* second.png in Resources */ = {isa = PBXBuildFile; fileRef = F231DF3C15C2C578003124B9 /* second.png */; };
		F231DF4115C2C578003124B9 /* second@2x.png in Resources */ = {isa = PBXBuildFile; fileRef = F231DF3D15C2C578003124B9 /* second@2x.png */; };
		F231DF4815C2C6D2003124B9 /* Icon-72.png in Resources */ = {isa = PBXBuildFile; fileRef = F231DF4215C2C6D1003124B9 /* Icon-72.png */; };
		F231DF4915C2C6D2003124B9 /* Icon-Small-50.png in Resources */ = {isa = PBXBuildFile; fileRef = F231DF4315C2C6D2003124B9 /* Icon-Small-50.png */; };
		F231DF4A15C2C6D2003124B9 /* Icon-Small.png in Resources */ = {isa = PBXBuildFile; fileRef = F231DF4415C2C6D2003124B9 /* Icon-Small.png */; };
		F231DF4B15C2C6D2003124B9 /* Icon-Small@2x.png in Resources */ = {isa = PBXBuildFile; fileRef = F231DF4515C2C6D2003124B9 /* Icon-Small@2x.png */; };
		F231DF4C15C2C6D2003124B9 /* Icon.png in Resources */ = {isa = PBXBuildFile; fileRef = F231DF4615C2C6D2003124B9 /* Icon.png */; };
		F231DF4D15C2C6D2003124B9 /* Icon@2x.png in Resources */ = {isa = PBXBuildFile; fileRef = F231DF4715C2C6D2003124B9 /* Icon@2x.png */; };
		F231E02015CF3A47003124B9 /* CoreLocation.framework in Frameworks */ = {isa = PBXBuildFile; fileRef = F231E01F15CF3A47003124B9 /* CoreLocation.framework */; };
		F231E02315CF3A53003124B9 /* MapKit.framework in Frameworks */ = {isa = PBXBuildFile; fileRef = F231E02215CF3A53003124B9 /* MapKit.framework */; };
		F231E02615CF3AFB003124B9 /* PlaceMapViewController.m in Sources */ = {isa = PBXBuildFile; fileRef = F231E02515CF3AFB003124B9 /* PlaceMapViewController.m */; };
		F231E02915CF3E08003124B9 /* FlickrPhotoAnnotation.m in Sources */ = {isa = PBXBuildFile; fileRef = F231E02815CF3E08003124B9 /* FlickrPhotoAnnotation.m */; };
		F231E03115CF6AF8003124B9 /* PhotoMapViewController.m in Sources */ = {isa = PBXBuildFile; fileRef = F231E03015CF6AF7003124B9 /* PhotoMapViewController.m */; };
		F231E03715CF7400003124B9 /* FlickrPlaceAnnotation.m in Sources */ = {isa = PBXBuildFile; fileRef = F231E03615CF7400003124B9 /* FlickrPlaceAnnotation.m */; };
		F231E05215D23140003124B9 /* RecentsStore.m in Sources */ = {isa = PBXBuildFile; fileRef = F231E05115D2313F003124B9 /* RecentsStore.m */; };
		F231E05A15D25411003124B9 /* RotatableViewController.m in Sources */ = {isa = PBXBuildFile; fileRef = F231E05915D2540E003124B9 /* RotatableViewController.m */; };
		F28F8D6415E120640091EF47 /* Default.png in Resources */ = {isa = PBXBuildFile; fileRef = F28F8D6115E120640091EF47 /* Default.png */; };
		F28F8D6515E120640091EF47 /* Default@2x.png in Resources */ = {isa = PBXBuildFile; fileRef = F28F8D6215E120640091EF47 /* Default@2x.png */; };
		F28F8D6615E120640091EF47 /* iTunesArtwork in Resources */ = {isa = PBXBuildFile; fileRef = F28F8D6315E120640091EF47 /* iTunesArtwork */; };
		F2E5855315D269C500198F57 /* Placeholder.png in Resources */ = {isa = PBXBuildFile; fileRef = F2E5855215D269C500198F57 /* Placeholder.png */; };
/* End PBXBuildFile section */

/* Begin PBXFileReference section */
		F231DF0615C237DE003124B9 /* FlickrFetcher.app */ = {isa = PBXFileReference; explicitFileType = wrapper.application; includeInIndex = 0; path = FlickrFetcher.app; sourceTree = BUILT_PRODUCTS_DIR; };
		F231DF0A15C237DE003124B9 /* UIKit.framework */ = {isa = PBXFileReference; lastKnownFileType = wrapper.framework; name = UIKit.framework; path = System/Library/Frameworks/UIKit.framework; sourceTree = SDKROOT; };
		F231DF0C15C237DE003124B9 /* Foundation.framework */ = {isa = PBXFileReference; lastKnownFileType = wrapper.framework; name = Foundation.framework; path = System/Library/Frameworks/Foundation.framework; sourceTree = SDKROOT; };
		F231DF0E15C237DE003124B9 /* CoreGraphics.framework */ = {isa = PBXFileReference; lastKnownFileType = wrapper.framework; name = CoreGraphics.framework; path = System/Library/Frameworks/CoreGraphics.framework; sourceTree = SDKROOT; };
		F231DF1215C237DE003124B9 /* FlickrFetcher-Info.plist */ = {isa = PBXFileReference; lastKnownFileType = text.plist.xml; path = "FlickrFetcher-Info.plist"; sourceTree = "<group>"; };
		F231DF1415C237DE003124B9 /* en */ = {isa = PBXFileReference; lastKnownFileType = text.plist.strings; name = en; path = en.lproj/InfoPlist.strings; sourceTree = "<group>"; };
		F231DF1615C237DE003124B9 /* main.m */ = {isa = PBXFileReference; lastKnownFileType = sourcecode.c.objc; path = main.m; sourceTree = "<group>"; };
		F231DF1815C237DE003124B9 /* FlickrFetcher-Prefix.pch */ = {isa = PBXFileReference; lastKnownFileType = sourcecode.c.h; path = "FlickrFetcher-Prefix.pch"; sourceTree = "<group>"; };
		F231DF1915C237DE003124B9 /* AppDelegate.h */ = {isa = PBXFileReference; lastKnownFileType = sourcecode.c.h; path = AppDelegate.h; sourceTree = "<group>"; };
		F231DF1A15C237DE003124B9 /* AppDelegate.m */ = {isa = PBXFileReference; lastKnownFileType = sourcecode.c.objc; path = AppDelegate.m; sourceTree = "<group>"; };
		F231DF1D15C237DE003124B9 /* en */ = {isa = PBXFileReference; lastKnownFileType = file.storyboard; name = en; path = en.lproj/MainStoryboard_iPhone.storyboard; sourceTree = "<group>"; };
		F231DF2015C237DE003124B9 /* en */ = {isa = PBXFileReference; lastKnownFileType = file.storyboard; name = en; path = en.lproj/MainStoryboard_iPad.storyboard; sourceTree = "<group>"; };
		F231DF2A15C2590E003124B9 /* TopPlacesTableViewController.h */ = {isa = PBXFileReference; fileEncoding = 4; lastKnownFileType = sourcecode.c.h; path = TopPlacesTableViewController.h; sourceTree = "<group>"; };
		F231DF2B15C2590E003124B9 /* TopPlacesTableViewController.m */ = {isa = PBXFileReference; fileEncoding = 4; lastKnownFileType = sourcecode.c.objc; path = TopPlacesTableViewController.m; sourceTree = "<group>"; };
		F231DF2D15C25948003124B9 /* DetailPlacesTableViewController.h */ = {isa = PBXFileReference; fileEncoding = 4; lastKnownFileType = sourcecode.c.h; path = DetailPlacesTableViewController.h; sourceTree = "<group>"; };
		F231DF2E15C25948003124B9 /* DetailPlacesTableViewController.m */ = {isa = PBXFileReference; fileEncoding = 4; lastKnownFileType = sourcecode.c.objc; path = DetailPlacesTableViewController.m; sourceTree = "<group>"; };
		F231DF3015C259E5003124B9 /* FlickrPhotoViewController.h */ = {isa = PBXFileReference; fileEncoding = 4; lastKnownFileType = sourcecode.c.h; path = FlickrPhotoViewController.h; sourceTree = "<group>"; };
		F231DF3115C259E5003124B9 /* FlickrPhotoViewController.m */ = {isa = PBXFileReference; fileEncoding = 4; lastKnownFileType = sourcecode.c.objc; path = FlickrPhotoViewController.m; sourceTree = "<group>"; };
		F231DF3315C25A26003124B9 /* RecentsTableViewController.h */ = {isa = PBXFileReference; fileEncoding = 4; lastKnownFileType = sourcecode.c.h; path = RecentsTableViewController.h; sourceTree = "<group>"; };
		F231DF3415C25A26003124B9 /* RecentsTableViewController.m */ = {isa = PBXFileReference; fileEncoding = 4; lastKnownFileType = sourcecode.c.objc; path = RecentsTableViewController.m; sourceTree = "<group>"; };
		F231DF3615C25BB0003124B9 /* FlickrAPIKey.h */ = {isa = PBXFileReference; fileEncoding = 4; lastKnownFileType = sourcecode.c.h; path = FlickrAPIKey.h; sourceTree = "<group>"; };
		F231DF3715C25BB0003124B9 /* FlickrFetcher.h */ = {isa = PBXFileReference; fileEncoding = 4; lastKnownFileType = sourcecode.c.h; path = FlickrFetcher.h; sourceTree = "<group>"; };
		F231DF3815C25BB0003124B9 /* FlickrFetcher.m */ = {isa = PBXFileReference; fileEncoding = 4; lastKnownFileType = sourcecode.c.objc; path = FlickrFetcher.m; sourceTree = "<group>"; };
		F231DF3A15C2C578003124B9 /* first.png */ = {isa = PBXFileReference; lastKnownFileType = image.png; path = first.png; sourceTree = "<group>"; };
		F231DF3B15C2C578003124B9 /* first@2x.png */ = {isa = PBXFileReference; lastKnownFileType = image.png; path = "first@2x.png"; sourceTree = "<group>"; };
		F231DF3C15C2C578003124B9 /* second.png */ = {isa = PBXFileReference; lastKnownFileType = image.png; path = second.png; sourceTree = "<group>"; };
		F231DF3D15C2C578003124B9 /* second@2x.png */ = {isa = PBXFileReference; lastKnownFileType = image.png; path = "second@2x.png"; sourceTree = "<group>"; };
		F231DF4215C2C6D1003124B9 /* Icon-72.png */ = {isa = PBXFileReference; lastKnownFileType = image.png; path = "Icon-72.png"; sourceTree = "<group>"; };
		F231DF4315C2C6D2003124B9 /* Icon-Small-50.png */ = {isa = PBXFileReference; lastKnownFileType = image.png; path = "Icon-Small-50.png"; sourceTree = "<group>"; };
		F231DF4415C2C6D2003124B9 /* Icon-Small.png */ = {isa = PBXFileReference; lastKnownFileType = image.png; path = "Icon-Small.png"; sourceTree = "<group>"; };
		F231DF4515C2C6D2003124B9 /* Icon-Small@2x.png */ = {isa = PBXFileReference; lastKnownFileType = image.png; path = "Icon-Small@2x.png"; sourceTree = "<group>"; };
		F231DF4615C2C6D2003124B9 /* Icon.png */ = {isa = PBXFileReference; lastKnownFileType = image.png; path = Icon.png; sourceTree = "<group>"; };
		F231DF4715C2C6D2003124B9 /* Icon@2x.png */ = {isa = PBXFileReference; lastKnownFileType = image.png; path = "Icon@2x.png"; sourceTree = "<group>"; };
		F231E01F15CF3A47003124B9 /* CoreLocation.framework */ = {isa = PBXFileReference; lastKnownFileType = wrapper.framework; name = CoreLocation.framework; path = System/Library/Frameworks/CoreLocation.framework; sourceTree = SDKROOT; };
		F231E02215CF3A53003124B9 /* MapKit.framework */ = {isa = PBXFileReference; lastKnownFileType = wrapper.framework; name = MapKit.framework; path = System/Library/Frameworks/MapKit.framework; sourceTree = SDKROOT; };
		F231E02415CF3AFB003124B9 /* PlaceMapViewController.h */ = {isa = PBXFileReference; fileEncoding = 4; lastKnownFileType = sourcecode.c.h; path = PlaceMapViewController.h; sourceTree = "<group>"; };
		F231E02515CF3AFB003124B9 /* PlaceMapViewController.m */ = {isa = PBXFileReference; fileEncoding = 4; lastKnownFileType = sourcecode.c.objc; path = PlaceMapViewController.m; sourceTree = "<group>"; };
		F231E02715CF3E08003124B9 /* FlickrPhotoAnnotation.h */ = {isa = PBXFileReference; fileEncoding = 4; lastKnownFileType = sourcecode.c.h; path = FlickrPhotoAnnotation.h; sourceTree = "<group>"; };
		F231E02815CF3E08003124B9 /* FlickrPhotoAnnotation.m */ = {isa = PBXFileReference; fileEncoding = 4; lastKnownFileType = sourcecode.c.objc; path = FlickrPhotoAnnotation.m; sourceTree = "<group>"; };
		F231E02E15CF5FB5003124B9 /* SplitViewBarButtonItemPresenter.h */ = {isa = PBXFileReference; fileEncoding = 4; lastKnownFileType = sourcecode.c.h; path = SplitViewBarButtonItemPresenter.h; sourceTree = "<group>"; };
		F231E02F15CF6AF7003124B9 /* PhotoMapViewController.h */ = {isa = PBXFileReference; fileEncoding = 4; lastKnownFileType = sourcecode.c.h; path = PhotoMapViewController.h; sourceTree = "<group>"; };
		F231E03015CF6AF7003124B9 /* PhotoMapViewController.m */ = {isa = PBXFileReference; fileEncoding = 4; lastKnownFileType = sourcecode.c.objc; path = PhotoMapViewController.m; sourceTree = "<group>"; };
		F231E03515CF7400003124B9 /* FlickrPlaceAnnotation.h */ = {isa = PBXFileReference; fileEncoding = 4; lastKnownFileType = sourcecode.c.h; path = FlickrPlaceAnnotation.h; sourceTree = "<group>"; };
		F231E03615CF7400003124B9 /* FlickrPlaceAnnotation.m */ = {isa = PBXFileReference; fileEncoding = 4; lastKnownFileType = sourcecode.c.objc; path = FlickrPlaceAnnotation.m; sourceTree = "<group>"; };
		F231E05015D2313E003124B9 /* RecentsStore.h */ = {isa = PBXFileReference; fileEncoding = 4; lastKnownFileType = sourcecode.c.h; path = RecentsStore.h; sourceTree = "<group>"; };
		F231E05115D2313F003124B9 /* RecentsStore.m */ = {isa = PBXFileReference; fileEncoding = 4; lastKnownFileType = sourcecode.c.objc; path = RecentsStore.m; sourceTree = "<group>"; };
		F231E05815D2540D003124B9 /* RotatableViewController.h */ = {isa = PBXFileReference; fileEncoding = 4; lastKnownFileType = sourcecode.c.h; path = RotatableViewController.h; sourceTree = "<group>"; };
		F231E05915D2540E003124B9 /* RotatableViewController.m */ = {isa = PBXFileReference; fileEncoding = 4; lastKnownFileType = sourcecode.c.objc; path = RotatableViewController.m; sourceTree = "<group>"; };
		F28F8D6115E120640091EF47 /* Default.png */ = {isa = PBXFileReference; lastKnownFileType = image.png; path = Default.png; sourceTree = "<group>"; };
		F28F8D6215E120640091EF47 /* Default@2x.png */ = {isa = PBXFileReference; lastKnownFileType = image.png; path = "Default@2x.png"; sourceTree = "<group>"; };
		F28F8D6315E120640091EF47 /* iTunesArtwork */ = {isa = PBXFileReference; lastKnownFileType = file; path = iTunesArtwork; sourceTree = "<group>"; };
		F2E5855215D269C500198F57 /* Placeholder.png */ = {isa = PBXFileReference; lastKnownFileType = image.png; path = Placeholder.png; sourceTree = "<group>"; };
/* End PBXFileReference section */

/* Begin PBXFrameworksBuildPhase section */
		F231DF0315C237DE003124B9 /* Frameworks */ = {
			isa = PBXFrameworksBuildPhase;
			buildActionMask = 2147483647;
			files = (
				F231E02315CF3A53003124B9 /* MapKit.framework in Frameworks */,
				F231E02015CF3A47003124B9 /* CoreLocation.framework in Frameworks */,
				F231DF0B15C237DE003124B9 /* UIKit.framework in Frameworks */,
				F231DF0D15C237DE003124B9 /* Foundation.framework in Frameworks */,
				F231DF0F15C237DE003124B9 /* CoreGraphics.framework in Frameworks */,
			);
			runOnlyForDeploymentPostprocessing = 0;
		};
/* End PBXFrameworksBuildPhase section */

/* Begin PBXGroup section */
		F231DEFB15C237DE003124B9 = {
			isa = PBXGroup;
			children = (
				F231DF1015C237DE003124B9 /* FlickrFetcher */,
				F231DF0915C237DE003124B9 /* Frameworks */,
				F231DF0715C237DE003124B9 /* Products */,
			);
			sourceTree = "<group>";
		};
		F231DF0715C237DE003124B9 /* Products */ = {
			isa = PBXGroup;
			children = (
				F231DF0615C237DE003124B9 /* FlickrFetcher.app */,
			);
			name = Products;
			sourceTree = "<group>";
		};
		F231DF0915C237DE003124B9 /* Frameworks */ = {
			isa = PBXGroup;
			children = (
				F231E02215CF3A53003124B9 /* MapKit.framework */,
				F231E01F15CF3A47003124B9 /* CoreLocation.framework */,
				F231DF0A15C237DE003124B9 /* UIKit.framework */,
				F231DF0C15C237DE003124B9 /* Foundation.framework */,
				F231DF0E15C237DE003124B9 /* CoreGraphics.framework */,
			);
			name = Frameworks;
			sourceTree = "<group>";
		};
		F231DF1015C237DE003124B9 /* FlickrFetcher */ = {
			isa = PBXGroup;
			children = (
				F231DF1C15C237DE003124B9 /* MainStoryboard_iPhone.storyboard */,
				F231E02415CF3AFB003124B9 /* PlaceMapViewController.h */,
				F231E05815D2540D003124B9 /* RotatableViewController.h */,
				F231E05915D2540E003124B9 /* RotatableViewController.m */,
				F231E02F15CF6AF7003124B9 /* PhotoMapViewController.h */,
				F231E03015CF6AF7003124B9 /* PhotoMapViewController.m */,
				F231E02515CF3AFB003124B9 /* PlaceMapViewController.m */,
				F231E02715CF3E08003124B9 /* FlickrPhotoAnnotation.h */,
				F231E03515CF7400003124B9 /* FlickrPlaceAnnotation.h */,
				F231E03615CF7400003124B9 /* FlickrPlaceAnnotation.m */,
				F231E02815CF3E08003124B9 /* FlickrPhotoAnnotation.m */,
				F231DF3615C25BB0003124B9 /* FlickrAPIKey.h */,
				F231DF3715C25BB0003124B9 /* FlickrFetcher.h */,
				F231DF3815C25BB0003124B9 /* FlickrFetcher.m */,
				F231E02E15CF5FB5003124B9 /* SplitViewBarButtonItemPresenter.h */,
				F231DF3315C25A26003124B9 /* RecentsTableViewController.h */,
				F231DF3415C25A26003124B9 /* RecentsTableViewController.m */,
				F231DF3015C259E5003124B9 /* FlickrPhotoViewController.h */,
				F231DF3115C259E5003124B9 /* FlickrPhotoViewController.m */,
				F231DF2D15C25948003124B9 /* DetailPlacesTableViewController.h */,
				F231DF2E15C25948003124B9 /* DetailPlacesTableViewController.m */,
				F231E05015D2313E003124B9 /* RecentsStore.h */,
				F231E05115D2313F003124B9 /* RecentsStore.m */,
				F231DF2A15C2590E003124B9 /* TopPlacesTableViewController.h */,
				F231DF2B15C2590E003124B9 /* TopPlacesTableViewController.m */,
				F231DF1F15C237DE003124B9 /* MainStoryboard_iPad.storyboard */,
				F231DF1115C237DE003124B9 /* Supporting Files */,
			);
			path = FlickrFetcher;
			sourceTree = "<group>";
		};
		F231DF1115C237DE003124B9 /* Supporting Files */ = {
			isa = PBXGroup;
			children = (
				F2E5855215D269C500198F57 /* Placeholder.png */,
				F28F8D6115E120640091EF47 /* Default.png */,
				F28F8D6215E120640091EF47 /* Default@2x.png */,
				F28F8D6315E120640091EF47 /* iTunesArtwork */,
				F231DF3A15C2C578003124B9 /* first.png */,
				F231DF3B15C2C578003124B9 /* first@2x.png */,
				F231DF3C15C2C578003124B9 /* second.png */,
				F231DF3D15C2C578003124B9 /* second@2x.png */,
				F231DF4215C2C6D1003124B9 /* Icon-72.png */,
				F231DF4315C2C6D2003124B9 /* Icon-Small-50.png */,
				F231DF4415C2C6D2003124B9 /* Icon-Small.png */,
				F231DF4515C2C6D2003124B9 /* Icon-Small@2x.png */,
				F231DF4615C2C6D2003124B9 /* Icon.png */,
				F231DF4715C2C6D2003124B9 /* Icon@2x.png */,
				F231DF1A15C237DE003124B9 /* AppDelegate.m */,
				F231DF1915C237DE003124B9 /* AppDelegate.h */,
				F231DF1215C237DE003124B9 /* FlickrFetcher-Info.plist */,
				F231DF1315C237DE003124B9 /* InfoPlist.strings */,
				F231DF1615C237DE003124B9 /* main.m */,
				F231DF1815C237DE003124B9 /* FlickrFetcher-Prefix.pch */,
			);
			name = "Supporting Files";
			sourceTree = "<group>";
		};
/* End PBXGroup section */

/* Begin PBXNativeTarget section */
		F231DF0515C237DE003124B9 /* FlickrFetcher */ = {
			isa = PBXNativeTarget;
			buildConfigurationList = F231DF2715C237DE003124B9 /* Build configuration list for PBXNativeTarget "FlickrFetcher" */;
			buildPhases = (
				F231DF0215C237DE003124B9 /* Sources */,
				F231DF0315C237DE003124B9 /* Frameworks */,
				F231DF0415C237DE003124B9 /* Resources */,
			);
			buildRules = (
			);
			dependencies = (
			);
			name = FlickrFetcher;
			productName = FlickrFetcher;
			productReference = F231DF0615C237DE003124B9 /* FlickrFetcher.app */;
			productType = "com.apple.product-type.application";
		};
/* End PBXNativeTarget section */

/* Begin PBXProject section */
		F231DEFD15C237DE003124B9 /* Project object */ = {
			isa = PBXProject;
			attributes = {
				LastUpgradeCheck = 0440;
				ORGANIZATIONNAME = "Norimasa Nabeta";
			};
			buildConfigurationList = F231DF0015C237DE003124B9 /* Build configuration list for PBXProject "FlickrFetcher" */;
			compatibilityVersion = "Xcode 3.2";
			developmentRegion = English;
			hasScannedForEncodings = 0;
			knownRegions = (
				en,
			);
			mainGroup = F231DEFB15C237DE003124B9;
			productRefGroup = F231DF0715C237DE003124B9 /* Products */;
			projectDirPath = "";
			projectRoot = "";
			targets = (
				F231DF0515C237DE003124B9 /* FlickrFetcher */,
			);
		};
/* End PBXProject section */

/* Begin PBXResourcesBuildPhase section */
		F231DF0415C237DE003124B9 /* Resources */ = {
			isa = PBXResourcesBuildPhase;
			buildActionMask = 2147483647;
			files = (
				F231DF1515C237DE003124B9 /* InfoPlist.strings in Resources */,
				F231DF1E15C237DE003124B9 /* MainStoryboard_iPhone.storyboard in Resources */,
				F231DF2115C237DE003124B9 /* MainStoryboard_iPad.storyboard in Resources */,
				F231DF3E15C2C578003124B9 /* first.png in Resources */,
				F231DF3F15C2C578003124B9 /* first@2x.png in Resources */,
				F231DF4015C2C578003124B9 /* second.png in Resources */,
				F231DF4115C2C578003124B9 /* second@2x.png in Resources */,
				F231DF4815C2C6D2003124B9 /* Icon-72.png in Resources */,
				F231DF4915C2C6D2003124B9 /* Icon-Small-50.png in Resources */,
				F231DF4A15C2C6D2003124B9 /* Icon-Small.png in Resources */,
				F231DF4B15C2C6D2003124B9 /* Icon-Small@2x.png in Resources */,
				F231DF4C15C2C6D2003124B9 /* Icon.png in Resources */,
				F231DF4D15C2C6D2003124B9 /* Icon@2x.png in Resources */,
				F2E5855315D269C500198F57 /* Placeholder.png in Resources */,
				F28F8D6415E120640091EF47 /* Default.png in Resources */,
				F28F8D6515E120640091EF47 /* Default@2x.png in Resources */,
				F28F8D6615E120640091EF47 /* iTunesArtwork in Resources */,
			);
			runOnlyForDeploymentPostprocessing = 0;
		};
/* End PBXResourcesBuildPhase section */

/* Begin PBXSourcesBuildPhase section */
		F231DF0215C237DE003124B9 /* Sources */ = {
			isa = PBXSourcesBuildPhase;
			buildActionMask = 2147483647;
			files = (
				F231DF1715C237DE003124B9 /* main.m in Sources */,
				F231DF1B15C237DE003124B9 /* AppDelegate.m in Sources */,
				F231DF2C15C2590E003124B9 /* TopPlacesTableViewController.m in Sources */,
				F231DF2F15C25948003124B9 /* DetailPlacesTableViewController.m in Sources */,
				F231DF3215C259E5003124B9 /* FlickrPhotoViewController.m in Sources */,
				F231DF3515C25A26003124B9 /* RecentsTableViewController.m in Sources */,
				F231DF3915C25BB0003124B9 /* FlickrFetcher.m in Sources */,
				F231E02615CF3AFB003124B9 /* PlaceMapViewController.m in Sources */,
				F231E02915CF3E08003124B9 /* FlickrPhotoAnnotation.m in Sources */,
				F231E03115CF6AF8003124B9 /* PhotoMapViewController.m in Sources */,
				F231E03715CF7400003124B9 /* FlickrPlaceAnnotation.m in Sources */,
				F231E05215D23140003124B9 /* RecentsStore.m in Sources */,
				F231E05A15D25411003124B9 /* RotatableViewController.m in Sources */,
			);
			runOnlyForDeploymentPostprocessing = 0;
		};
/* End PBXSourcesBuildPhase section */

/* Begin PBXVariantGroup section */
		F231DF1315C237DE003124B9 /* InfoPlist.strings */ = {
			isa = PBXVariantGroup;
			children = (
				F231DF1415C237DE003124B9 /* en */,
			);
			name = InfoPlist.strings;
			sourceTree = "<group>";
		};
		F231DF1C15C237DE003124B9 /* MainStoryboard_iPhone.storyboard */ = {
			isa = PBXVariantGroup;
			children = (
				F231DF1D15C237DE003124B9 /* en */,
			);
			name = MainStoryboard_iPhone.storyboard;
			sourceTree = "<group>";
		};
		F231DF1F15C237DE003124B9 /* MainStoryboard_iPad.storyboard */ = {
			isa = PBXVariantGroup;
			children = (
				F231DF2015C237DE003124B9 /* en */,
			);
			name = MainStoryboard_iPad.storyboard;
			sourceTree = "<group>";
		};
/* End PBXVariantGroup section */

/* Begin XCBuildConfiguration section */
		F231DF2515C237DE003124B9 /* Debug */ = {
			isa = XCBuildConfiguration;
			buildSettings = {
				ALWAYS_SEARCH_USER_PATHS = NO;
				ARCHS = "$(ARCHS_STANDARD_32_BIT)";
				CLANG_CXX_LANGUAGE_STANDARD = "gnu++0x";
				CLANG_ENABLE_OBJC_ARC = YES;
				CLANG_WARN__DUPLICATE_METHOD_MATCH = YES;
				"CODE_SIGN_IDENTITY[sdk=iphoneos*]" = "iPhone Developer";
				COPY_PHASE_STRIP = NO;
				GCC_C_LANGUAGE_STANDARD = gnu99;
				GCC_DYNAMIC_NO_PIC = NO;
				GCC_OPTIMIZATION_LEVEL = 0;
				GCC_PREPROCESSOR_DEFINITIONS = (
					"DEBUG=1",
					"$(inherited)",
				);
				GCC_SYMBOLS_PRIVATE_EXTERN = NO;
				GCC_VERSION = com.apple.compilers.llvm.clang.1_0;
				GCC_WARN_ABOUT_RETURN_TYPE = YES;
				GCC_WARN_UNINITIALIZED_AUTOS = YES;
				GCC_WARN_UNUSED_VARIABLE = YES;
				IPHONEOS_DEPLOYMENT_TARGET = 5.1;
				SDKROOT = iphoneos;
				TARGETED_DEVICE_FAMILY = "1,2";
			};
			name = Debug;
		};
		F231DF2615C237DE003124B9 /* Release */ = {
			isa = XCBuildConfiguration;
			buildSettings = {
				ALWAYS_SEARCH_USER_PATHS = NO;
				ARCHS = "$(ARCHS_STANDARD_32_BIT)";
				CLANG_CXX_LANGUAGE_STANDARD = "gnu++0x";
				CLANG_ENABLE_OBJC_ARC = YES;
				CLANG_WARN__DUPLICATE_METHOD_MATCH = YES;
				"CODE_SIGN_IDENTITY[sdk=iphoneos*]" = "iPhone Developer";
				COPY_PHASE_STRIP = YES;
				GCC_C_LANGUAGE_STANDARD = gnu99;
				GCC_VERSION = com.apple.compilers.llvm.clang.1_0;
				GCC_WARN_ABOUT_RETURN_TYPE = YES;
				GCC_WARN_UNINITIALIZED_AUTOS = YES;
				GCC_WARN_UNUSED_VARIABLE = YES;
				IPHONEOS_DEPLOYMENT_TARGET = 5.1;
				OTHER_CFLAGS = "-DNS_BLOCK_ASSERTIONS=1";
				SDKROOT = iphoneos;
				TARGETED_DEVICE_FAMILY = "1,2";
				VALIDATE_PRODUCT = YES;
			};
			name = Release;
		};
		F231DF2815C237DE003124B9 /* Debug */ = {
			isa = XCBuildConfiguration;
			buildSettings = {
				GCC_PRECOMPILE_PREFIX_HEADER = YES;
				GCC_PREFIX_HEADER = "FlickrFetcher/FlickrFetcher-Prefix.pch";
				INFOPLIST_FILE = "FlickrFetcher/FlickrFetcher-Info.plist";
				IPHONEOS_DEPLOYMENT_TARGET = 5.0;
				PRODUCT_NAME = "$(TARGET_NAME)";
				WRAPPER_EXTENSION = app;
			};
			name = Debug;
		};
		F231DF2915C237DE003124B9 /* Release */ = {
			isa = XCBuildConfiguration;
			buildSettings = {
				GCC_PRECOMPILE_PREFIX_HEADER = YES;
				GCC_PREFIX_HEADER = "FlickrFetcher/FlickrFetcher-Prefix.pch";
				INFOPLIST_FILE = "FlickrFetcher/FlickrFetcher-Info.plist";
				IPHONEOS_DEPLOYMENT_TARGET = 5.0;
				PRODUCT_NAME = "$(TARGET_NAME)";
				WRAPPER_EXTENSION = app;
			};
			name = Release;
		};
/* End XCBuildConfiguration section */

/* Begin XCConfigurationList section */
		F231DF0015C237DE003124B9 /* Build configuration list for PBXProject "FlickrFetcher" */ = {
			isa = XCConfigurationList;
			buildConfigurations = (
				F231DF2515C237DE003124B9 /* Debug */,
				F231DF2615C237DE003124B9 /* Release */,
			);
			defaultConfigurationIsVisible = 0;
			defaultConfigurationName = Release;
		};
		F231DF2715C237DE003124B9 /* Build configuration list for PBXNativeTarget "FlickrFetcher" */ = {
			isa = XCConfigurationList;
			buildConfigurations = (
				F231DF2815C237DE003124B9 /* Debug */,
				F231DF2915C237DE003124B9 /* Release */,
			);
			defaultConfigurationIsVisible = 0;
			defaultConfigurationName = Release;
		};
/* End XCConfigurationList section */
	};
	rootObject = F231DEFD15C237DE003124B9 /* Project object */;
}
